{
  "name": "ai-chatbot",
  "lockfileVersion": 3,
  "requires": true,
  "packages": {
    "": {
      "name": "ai-chatbot",
      "dependencies": {
        "pg": "8.16.3"
      }
    },
    "node_modules/pg": {
      "version": "8.16.3",
      "resolved": "https://registry.npmjs.org/pg/-/pg-8.16.3.tgz",
      "integrity": "sha512-..."
    }
  }
}
